// !$*UTF8*$!
{
	archiveVersion = 1;
	classes = {
	};
	objectVersion = 55;
	objects = {

/* Begin PBXBuildFile section */
		1EB644393A85922BDA81E632 /* Pods_Messenger.framework in Frameworks */ = {isa = PBXBuildFile; fileRef = 1E83928C5CFB522ACF7CD841 /* Pods_Messenger.framework */; };
		23084BC3291C81B2007941F7 /* AppDelegate.swift in Sources */ = {isa = PBXBuildFile; fileRef = 23084BC2291C81B2007941F7 /* AppDelegate.swift */; };
		23084BC5291C81B2007941F7 /* SceneDelegate.swift in Sources */ = {isa = PBXBuildFile; fileRef = 23084BC4291C81B2007941F7 /* SceneDelegate.swift */; };
		23084BC7291C81B2007941F7 /* ConversationsViewController.swift in Sources */ = {isa = PBXBuildFile; fileRef = 23084BC6291C81B2007941F7 /* ConversationsViewController.swift */; };
		23084BCA291C81B2007941F7 /* Main.storyboard in Resources */ = {isa = PBXBuildFile; fileRef = 23084BC8291C81B2007941F7 /* Main.storyboard */; };
		23084BCC291C81B3007941F7 /* Assets.xcassets in Resources */ = {isa = PBXBuildFile; fileRef = 23084BCB291C81B3007941F7 /* Assets.xcassets */; };
		23084BCF291C81B3007941F7 /* LaunchScreen.storyboard in Resources */ = {isa = PBXBuildFile; fileRef = 23084BCD291C81B3007941F7 /* LaunchScreen.storyboard */; };
		23084BDD291C8532007941F7 /* LoginViewController.swift in Sources */ = {isa = PBXBuildFile; fileRef = 23084BDC291C8532007941F7 /* LoginViewController.swift */; };
		23084BDF291C8544007941F7 /* RegisterViewController.swift in Sources */ = {isa = PBXBuildFile; fileRef = 23084BDE291C8544007941F7 /* RegisterViewController.swift */; };
		23084BE1291C8567007941F7 /* PhotoViewerViewController.swift in Sources */ = {isa = PBXBuildFile; fileRef = 23084BE0291C8567007941F7 /* PhotoViewerViewController.swift */; };
		23084BE3291C8575007941F7 /* VideoPlayerViewController.swift in Sources */ = {isa = PBXBuildFile; fileRef = 23084BE2291C8575007941F7 /* VideoPlayerViewController.swift */; };
		23084BE5291C858F007941F7 /* NewConversationViewController.swift in Sources */ = {isa = PBXBuildFile; fileRef = 23084BE4291C858F007941F7 /* NewConversationViewController.swift */; };
		23084BE7291C85A5007941F7 /* ProfileViewController.swift in Sources */ = {isa = PBXBuildFile; fileRef = 23084BE6291C85A5007941F7 /* ProfileViewController.swift */; };
		231915D929236F5000B29B03 /* GoogleService-Info.plist in Resources */ = {isa = PBXBuildFile; fileRef = 231915D829236F5000B29B03 /* GoogleService-Info.plist */; };
		238015E6291E33A200B67B37 /* Extensions.swift in Sources */ = {isa = PBXBuildFile; fileRef = 238015E5291E33A200B67B37 /* Extensions.swift */; };
		238015E8291E3B9600B67B37 /* Constants.swift in Sources */ = {isa = PBXBuildFile; fileRef = 238015E7291E3B9600B67B37 /* Constants.swift */; };
		23AE0DB22928C8A7002476DF /* DatabaseManager.swift in Sources */ = {isa = PBXBuildFile; fileRef = 23AE0DB12928C8A7002476DF /* DatabaseManager.swift */; };
/* End PBXBuildFile section */

/* Begin PBXFileReference section */
		11FC92EA35B1047E9B23A05E /* Pods-Messenger.release.xcconfig */ = {isa = PBXFileReference; includeInIndex = 1; lastKnownFileType = text.xcconfig; name = "Pods-Messenger.release.xcconfig"; path = "Target Support Files/Pods-Messenger/Pods-Messenger.release.xcconfig"; sourceTree = "<group>"; };
		1E83928C5CFB522ACF7CD841 /* Pods_Messenger.framework */ = {isa = PBXFileReference; explicitFileType = wrapper.framework; includeInIndex = 0; path = Pods_Messenger.framework; sourceTree = BUILT_PRODUCTS_DIR; };
		23084BBF291C81B2007941F7 /* Messenger.app */ = {isa = PBXFileReference; explicitFileType = wrapper.application; includeInIndex = 0; path = Messenger.app; sourceTree = BUILT_PRODUCTS_DIR; };
		23084BC2291C81B2007941F7 /* AppDelegate.swift */ = {isa = PBXFileReference; lastKnownFileType = sourcecode.swift; path = AppDelegate.swift; sourceTree = "<group>"; };
		23084BC4291C81B2007941F7 /* SceneDelegate.swift */ = {isa = PBXFileReference; lastKnownFileType = sourcecode.swift; path = SceneDelegate.swift; sourceTree = "<group>"; };
		23084BC6291C81B2007941F7 /* ConversationsViewController.swift */ = {isa = PBXFileReference; lastKnownFileType = sourcecode.swift; path = ConversationsViewController.swift; sourceTree = "<group>"; };
		23084BC9291C81B2007941F7 /* Base */ = {isa = PBXFileReference; lastKnownFileType = file.storyboard; name = Base; path = Base.lproj/Main.storyboard; sourceTree = "<group>"; };
		23084BCB291C81B3007941F7 /* Assets.xcassets */ = {isa = PBXFileReference; lastKnownFileType = folder.assetcatalog; path = Assets.xcassets; sourceTree = "<group>"; };
		23084BCE291C81B3007941F7 /* Base */ = {isa = PBXFileReference; lastKnownFileType = file.storyboard; name = Base; path = Base.lproj/LaunchScreen.storyboard; sourceTree = "<group>"; };
		23084BD0291C81B3007941F7 /* Info.plist */ = {isa = PBXFileReference; lastKnownFileType = text.plist.xml; path = Info.plist; sourceTree = "<group>"; };
		23084BDC291C8532007941F7 /* LoginViewController.swift */ = {isa = PBXFileReference; lastKnownFileType = sourcecode.swift; path = LoginViewController.swift; sourceTree = "<group>"; };
		23084BDE291C8544007941F7 /* RegisterViewController.swift */ = {isa = PBXFileReference; lastKnownFileType = sourcecode.swift; path = RegisterViewController.swift; sourceTree = "<group>"; };
		23084BE0291C8567007941F7 /* PhotoViewerViewController.swift */ = {isa = PBXFileReference; lastKnownFileType = sourcecode.swift; path = PhotoViewerViewController.swift; sourceTree = "<group>"; };
		23084BE2291C8575007941F7 /* VideoPlayerViewController.swift */ = {isa = PBXFileReference; lastKnownFileType = sourcecode.swift; path = VideoPlayerViewController.swift; sourceTree = "<group>"; };
		23084BE4291C858F007941F7 /* NewConversationViewController.swift */ = {isa = PBXFileReference; lastKnownFileType = sourcecode.swift; path = NewConversationViewController.swift; sourceTree = "<group>"; };
		23084BE6291C85A5007941F7 /* ProfileViewController.swift */ = {isa = PBXFileReference; lastKnownFileType = sourcecode.swift; path = ProfileViewController.swift; sourceTree = "<group>"; };
		231915D829236F5000B29B03 /* GoogleService-Info.plist */ = {isa = PBXFileReference; fileEncoding = 4; lastKnownFileType = text.plist.xml; path = "GoogleService-Info.plist"; sourceTree = "<group>"; };
		238015E5291E33A200B67B37 /* Extensions.swift */ = {isa = PBXFileReference; lastKnownFileType = sourcecode.swift; path = Extensions.swift; sourceTree = "<group>"; };
		238015E7291E3B9600B67B37 /* Constants.swift */ = {isa = PBXFileReference; lastKnownFileType = sourcecode.swift; path = Constants.swift; sourceTree = "<group>"; };
		23AE0DB12928C8A7002476DF /* DatabaseManager.swift */ = {isa = PBXFileReference; lastKnownFileType = sourcecode.swift; path = DatabaseManager.swift; sourceTree = "<group>"; };
		23CE6204292A00FB00E0D31D /* Messenger.entitlements */ = {isa = PBXFileReference; lastKnownFileType = text.plist.entitlements; path = Messenger.entitlements; sourceTree = "<group>"; };
		B0053B525E4014633D53C20C /* Pods-Messenger.debug.xcconfig */ = {isa = PBXFileReference; includeInIndex = 1; lastKnownFileType = text.xcconfig; name = "Pods-Messenger.debug.xcconfig"; path = "Target Support Files/Pods-Messenger/Pods-Messenger.debug.xcconfig"; sourceTree = "<group>"; };
/* End PBXFileReference section */

/* Begin PBXFrameworksBuildPhase section */
		23084BBC291C81B2007941F7 /* Frameworks */ = {
			isa = PBXFrameworksBuildPhase;
			buildActionMask = 2147483647;
			files = (
				1EB644393A85922BDA81E632 /* Pods_Messenger.framework in Frameworks */,
			);
			runOnlyForDeploymentPostprocessing = 0;
		};
/* End PBXFrameworksBuildPhase section */

/* Begin PBXGroup section */
		23084BB6291C81B2007941F7 = {
			isa = PBXGroup;
			children = (
				23084BC1291C81B2007941F7 /* Messenger */,
				23084BC0291C81B2007941F7 /* Products */,
				7EDCF93A4CFCEB7B4B4CAC6E /* Pods */,
				A0CC1B78B5EDFB6A4435148C /* Frameworks */,
			);
			sourceTree = "<group>";
		};
		23084BC0291C81B2007941F7 /* Products */ = {
			isa = PBXGroup;
			children = (
				23084BBF291C81B2007941F7 /* Messenger.app */,
			);
			name = Products;
			sourceTree = "<group>";
		};
		23084BC1291C81B2007941F7 /* Messenger */ = {
			isa = PBXGroup;
			children = (
				23CE6204292A00FB00E0D31D /* Messenger.entitlements */,
				23084BDA291C8416007941F7 /* Resources */,
				23084BD9291C8410007941F7 /* ViewModels */,
				23084BD8291C8408007941F7 /* Models */,
				23084BD7291C8403007941F7 /* Views */,
				23084BD6291C83F7007941F7 /* Controllers */,
				23084BD0291C81B3007941F7 /* Info.plist */,
				231915D829236F5000B29B03 /* GoogleService-Info.plist */,
			);
			path = Messenger;
			sourceTree = "<group>";
		};
		23084BD6291C83F7007941F7 /* Controllers */ = {
			isa = PBXGroup;
			children = (
				23084BE8291C8707007941F7 /* Login */,
				23084BC6291C81B2007941F7 /* ConversationsViewController.swift */,
				23084BE0291C8567007941F7 /* PhotoViewerViewController.swift */,
				23084BE2291C8575007941F7 /* VideoPlayerViewController.swift */,
				23084BE4291C858F007941F7 /* NewConversationViewController.swift */,
				23084BE6291C85A5007941F7 /* ProfileViewController.swift */,
			);
			path = Controllers;
			sourceTree = "<group>";
		};
		23084BD7291C8403007941F7 /* Views */ = {
			isa = PBXGroup;
			children = (
				23084BDB291C8430007941F7 /* Storyboards */,
				23084BCB291C81B3007941F7 /* Assets.xcassets */,
			);
			path = Views;
			sourceTree = "<group>";
		};
		23084BD8291C8408007941F7 /* Models */ = {
			isa = PBXGroup;
			children = (
			);
			path = Models;
			sourceTree = "<group>";
		};
		23084BD9291C8410007941F7 /* ViewModels */ = {
			isa = PBXGroup;
			children = (
			);
			path = ViewModels;
			sourceTree = "<group>";
		};
		23084BDA291C8416007941F7 /* Resources */ = {
			isa = PBXGroup;
			children = (
				23084BC2291C81B2007941F7 /* AppDelegate.swift */,
				23084BC4291C81B2007941F7 /* SceneDelegate.swift */,
				238015E5291E33A200B67B37 /* Extensions.swift */,
				238015E7291E3B9600B67B37 /* Constants.swift */,
				23AE0DB12928C8A7002476DF /* DatabaseManager.swift */,
			);
			path = Resources;
			sourceTree = "<group>";
		};
		23084BDB291C8430007941F7 /* Storyboards */ = {
			isa = PBXGroup;
			children = (
				23084BC8291C81B2007941F7 /* Main.storyboard */,
				23084BCD291C81B3007941F7 /* LaunchScreen.storyboard */,
			);
			path = Storyboards;
			sourceTree = "<group>";
		};
		23084BE8291C8707007941F7 /* Login */ = {
			isa = PBXGroup;
			children = (
				23084BDC291C8532007941F7 /* LoginViewController.swift */,
				23084BDE291C8544007941F7 /* RegisterViewController.swift */,
			);
			path = Login;
			sourceTree = "<group>";
		};
		7EDCF93A4CFCEB7B4B4CAC6E /* Pods */ = {
			isa = PBXGroup;
			children = (
				B0053B525E4014633D53C20C /* Pods-Messenger.debug.xcconfig */,
				11FC92EA35B1047E9B23A05E /* Pods-Messenger.release.xcconfig */,
			);
			path = Pods;
			sourceTree = "<group>";
		};
		A0CC1B78B5EDFB6A4435148C /* Frameworks */ = {
			isa = PBXGroup;
			children = (
				1E83928C5CFB522ACF7CD841 /* Pods_Messenger.framework */,
			);
			name = Frameworks;
			sourceTree = "<group>";
		};
/* End PBXGroup section */

/* Begin PBXNativeTarget section */
		23084BBE291C81B2007941F7 /* Messenger */ = {
			isa = PBXNativeTarget;
			buildConfigurationList = 23084BD3291C81B3007941F7 /* Build configuration list for PBXNativeTarget "Messenger" */;
			buildPhases = (
				99F3C6D88C385763E8AC8F7B /* [CP] Check Pods Manifest.lock */,
				23084BBB291C81B2007941F7 /* Sources */,
				23084BBC291C81B2007941F7 /* Frameworks */,
				23084BBD291C81B2007941F7 /* Resources */,
				64D2CA7EF40423DEC1CB4AD0 /* [CP] Embed Pods Frameworks */,
			);
			buildRules = (
			);
			dependencies = (
			);
			name = Messenger;
			productName = Messenger;
			productReference = 23084BBF291C81B2007941F7 /* Messenger.app */;
			productType = "com.apple.product-type.application";
		};
/* End PBXNativeTarget section */

/* Begin PBXProject section */
		23084BB7291C81B2007941F7 /* Project object */ = {
			isa = PBXProject;
			attributes = {
				BuildIndependentTargetsInParallel = 1;
				LastSwiftUpdateCheck = 1410;
				LastUpgradeCheck = 1410;
				TargetAttributes = {
					23084BBE291C81B2007941F7 = {
						CreatedOnToolsVersion = 14.1;
					};
				};
			};
			buildConfigurationList = 23084BBA291C81B2007941F7 /* Build configuration list for PBXProject "Messenger" */;
			compatibilityVersion = "Xcode 13.0";
			developmentRegion = en;
			hasScannedForEncodings = 0;
			knownRegions = (
				en,
				Base,
			);
			mainGroup = 23084BB6291C81B2007941F7;
			productRefGroup = 23084BC0291C81B2007941F7 /* Products */;
			projectDirPath = "";
			projectRoot = "";
			targets = (
				23084BBE291C81B2007941F7 /* Messenger */,
			);
		};
/* End PBXProject section */

/* Begin PBXResourcesBuildPhase section */
		23084BBD291C81B2007941F7 /* Resources */ = {
			isa = PBXResourcesBuildPhase;
			buildActionMask = 2147483647;
			files = (
				23084BCF291C81B3007941F7 /* LaunchScreen.storyboard in Resources */,
				231915D929236F5000B29B03 /* GoogleService-Info.plist in Resources */,
				23084BCC291C81B3007941F7 /* Assets.xcassets in Resources */,
				23084BCA291C81B2007941F7 /* Main.storyboard in Resources */,
			);
			runOnlyForDeploymentPostprocessing = 0;
		};
/* End PBXResourcesBuildPhase section */

/* Begin PBXShellScriptBuildPhase section */
		64D2CA7EF40423DEC1CB4AD0 /* [CP] Embed Pods Frameworks */ = {
			isa = PBXShellScriptBuildPhase;
			buildActionMask = 2147483647;
			files = (
			);
			inputFileListPaths = (
				"${PODS_ROOT}/Target Support Files/Pods-Messenger/Pods-Messenger-frameworks-${CONFIGURATION}-input-files.xcfilelist",
			);
			name = "[CP] Embed Pods Frameworks";
			outputFileListPaths = (
				"${PODS_ROOT}/Target Support Files/Pods-Messenger/Pods-Messenger-frameworks-${CONFIGURATION}-output-files.xcfilelist",
			);
			runOnlyForDeploymentPostprocessing = 0;
			shellPath = /bin/sh;
			shellScript = "\"${PODS_ROOT}/Target Support Files/Pods-Messenger/Pods-Messenger-frameworks.sh\"\n";
			showEnvVarsInLog = 0;
		};
		99F3C6D88C385763E8AC8F7B /* [CP] Check Pods Manifest.lock */ = {
			isa = PBXShellScriptBuildPhase;
			buildActionMask = 2147483647;
			files = (
			);
			inputFileListPaths = (
			);
			inputPaths = (
				"${PODS_PODFILE_DIR_PATH}/Podfile.lock",
				"${PODS_ROOT}/Manifest.lock",
			);
			name = "[CP] Check Pods Manifest.lock";
			outputFileListPaths = (
			);
			outputPaths = (
				"$(DERIVED_FILE_DIR)/Pods-Messenger-checkManifestLockResult.txt",
			);
			runOnlyForDeploymentPostprocessing = 0;
			shellPath = /bin/sh;
			shellScript = "diff \"${PODS_PODFILE_DIR_PATH}/Podfile.lock\" \"${PODS_ROOT}/Manifest.lock\" > /dev/null\nif [ $? != 0 ] ; then\n    # print error to STDERR\n    echo \"error: The sandbox is not in sync with the Podfile.lock. Run 'pod install' or update your CocoaPods installation.\" >&2\n    exit 1\nfi\n# This output is used by Xcode 'outputs' to avoid re-running this script phase.\necho \"SUCCESS\" > \"${SCRIPT_OUTPUT_FILE_0}\"\n";
			showEnvVarsInLog = 0;
		};
/* End PBXShellScriptBuildPhase section */

/* Begin PBXSourcesBuildPhase section */
		23084BBB291C81B2007941F7 /* Sources */ = {
			isa = PBXSourcesBuildPhase;
			buildActionMask = 2147483647;
			files = (
				23084BDD291C8532007941F7 /* LoginViewController.swift in Sources */,
				238015E8291E3B9600B67B37 /* Constants.swift in Sources */,
				23084BDF291C8544007941F7 /* RegisterViewController.swift in Sources */,
				23084BE5291C858F007941F7 /* NewConversationViewController.swift in Sources */,
				23084BC7291C81B2007941F7 /* ConversationsViewController.swift in Sources */,
				23084BE3291C8575007941F7 /* VideoPlayerViewController.swift in Sources */,
				238015E6291E33A200B67B37 /* Extensions.swift in Sources */,
				23084BC3291C81B2007941F7 /* AppDelegate.swift in Sources */,
				23AE0DB22928C8A7002476DF /* DatabaseManager.swift in Sources */,
				23084BE7291C85A5007941F7 /* ProfileViewController.swift in Sources */,
				23084BC5291C81B2007941F7 /* SceneDelegate.swift in Sources */,
				23084BE1291C8567007941F7 /* PhotoViewerViewController.swift in Sources */,
			);
			runOnlyForDeploymentPostprocessing = 0;
		};
/* End PBXSourcesBuildPhase section */

/* Begin PBXVariantGroup section */
		23084BC8291C81B2007941F7 /* Main.storyboard */ = {
			isa = PBXVariantGroup;
			children = (
				23084BC9291C81B2007941F7 /* Base */,
			);
			name = Main.storyboard;
			sourceTree = "<group>";
		};
		23084BCD291C81B3007941F7 /* LaunchScreen.storyboard */ = {
			isa = PBXVariantGroup;
			children = (
				23084BCE291C81B3007941F7 /* Base */,
			);
			name = LaunchScreen.storyboard;
			sourceTree = "<group>";
		};
/* End PBXVariantGroup section */

/* Begin XCBuildConfiguration section */
		23084BD1291C81B3007941F7 /* Debug */ = {
			isa = XCBuildConfiguration;
			buildSettings = {
				ALWAYS_SEARCH_USER_PATHS = NO;
				CLANG_ANALYZER_NONNULL = YES;
				CLANG_ANALYZER_NUMBER_OBJECT_CONVERSION = YES_AGGRESSIVE;
				CLANG_CXX_LANGUAGE_STANDARD = "gnu++20";
				CLANG_ENABLE_MODULES = YES;
				CLANG_ENABLE_OBJC_ARC = YES;
				CLANG_ENABLE_OBJC_WEAK = YES;
				CLANG_WARN_BLOCK_CAPTURE_AUTORELEASING = YES;
				CLANG_WARN_BOOL_CONVERSION = YES;
				CLANG_WARN_COMMA = YES;
				CLANG_WARN_CONSTANT_CONVERSION = YES;
				CLANG_WARN_DEPRECATED_OBJC_IMPLEMENTATIONS = YES;
				CLANG_WARN_DIRECT_OBJC_ISA_USAGE = YES_ERROR;
				CLANG_WARN_DOCUMENTATION_COMMENTS = YES;
				CLANG_WARN_EMPTY_BODY = YES;
				CLANG_WARN_ENUM_CONVERSION = YES;
				CLANG_WARN_INFINITE_RECURSION = YES;
				CLANG_WARN_INT_CONVERSION = YES;
				CLANG_WARN_NON_LITERAL_NULL_CONVERSION = YES;
				CLANG_WARN_OBJC_IMPLICIT_RETAIN_SELF = YES;
				CLANG_WARN_OBJC_LITERAL_CONVERSION = YES;
				CLANG_WARN_OBJC_ROOT_CLASS = YES_ERROR;
				CLANG_WARN_QUOTED_INCLUDE_IN_FRAMEWORK_HEADER = YES;
				CLANG_WARN_RANGE_LOOP_ANALYSIS = YES;
				CLANG_WARN_STRICT_PROTOTYPES = YES;
				CLANG_WARN_SUSPICIOUS_MOVE = YES;
				CLANG_WARN_UNGUARDED_AVAILABILITY = YES_AGGRESSIVE;
				CLANG_WARN_UNREACHABLE_CODE = YES;
				CLANG_WARN__DUPLICATE_METHOD_MATCH = YES;
				COPY_PHASE_STRIP = NO;
				DEBUG_INFORMATION_FORMAT = dwarf;
				ENABLE_STRICT_OBJC_MSGSEND = YES;
				ENABLE_TESTABILITY = YES;
				GCC_C_LANGUAGE_STANDARD = gnu11;
				GCC_DYNAMIC_NO_PIC = NO;
				GCC_NO_COMMON_BLOCKS = YES;
				GCC_OPTIMIZATION_LEVEL = 0;
				GCC_PREPROCESSOR_DEFINITIONS = (
					"DEBUG=1",
					"$(inherited)",
				);
				GCC_WARN_64_TO_32_BIT_CONVERSION = YES;
				GCC_WARN_ABOUT_RETURN_TYPE = YES_ERROR;
				GCC_WARN_UNDECLARED_SELECTOR = YES;
				GCC_WARN_UNINITIALIZED_AUTOS = YES_AGGRESSIVE;
				GCC_WARN_UNUSED_FUNCTION = YES;
				GCC_WARN_UNUSED_VARIABLE = YES;
				IPHONEOS_DEPLOYMENT_TARGET = 15.5;
				MTL_ENABLE_DEBUG_INFO = INCLUDE_SOURCE;
				MTL_FAST_MATH = YES;
				ONLY_ACTIVE_ARCH = YES;
				SDKROOT = iphoneos;
				SWIFT_ACTIVE_COMPILATION_CONDITIONS = DEBUG;
				SWIFT_OPTIMIZATION_LEVEL = "-Onone";
			};
			name = Debug;
		};
		23084BD2291C81B3007941F7 /* Release */ = {
			isa = XCBuildConfiguration;
			buildSettings = {
				ALWAYS_SEARCH_USER_PATHS = NO;
				CLANG_ANALYZER_NONNULL = YES;
				CLANG_ANALYZER_NUMBER_OBJECT_CONVERSION = YES_AGGRESSIVE;
				CLANG_CXX_LANGUAGE_STANDARD = "gnu++20";
				CLANG_ENABLE_MODULES = YES;
				CLANG_ENABLE_OBJC_ARC = YES;
				CLANG_ENABLE_OBJC_WEAK = YES;
				CLANG_WARN_BLOCK_CAPTURE_AUTORELEASING = YES;
				CLANG_WARN_BOOL_CONVERSION = YES;
				CLANG_WARN_COMMA = YES;
				CLANG_WARN_CONSTANT_CONVERSION = YES;
				CLANG_WARN_DEPRECATED_OBJC_IMPLEMENTATIONS = YES;
				CLANG_WARN_DIRECT_OBJC_ISA_USAGE = YES_ERROR;
				CLANG_WARN_DOCUMENTATION_COMMENTS = YES;
				CLANG_WARN_EMPTY_BODY = YES;
				CLANG_WARN_ENUM_CONVERSION = YES;
				CLANG_WARN_INFINITE_RECURSION = YES;
				CLANG_WARN_INT_CONVERSION = YES;
				CLANG_WARN_NON_LITERAL_NULL_CONVERSION = YES;
				CLANG_WARN_OBJC_IMPLICIT_RETAIN_SELF = YES;
				CLANG_WARN_OBJC_LITERAL_CONVERSION = YES;
				CLANG_WARN_OBJC_ROOT_CLASS = YES_ERROR;
				CLANG_WARN_QUOTED_INCLUDE_IN_FRAMEWORK_HEADER = YES;
				CLANG_WARN_RANGE_LOOP_ANALYSIS = YES;
				CLANG_WARN_STRICT_PROTOTYPES = YES;
				CLANG_WARN_SUSPICIOUS_MOVE = YES;
				CLANG_WARN_UNGUARDED_AVAILABILITY = YES_AGGRESSIVE;
				CLANG_WARN_UNREACHABLE_CODE = YES;
				CLANG_WARN__DUPLICATE_METHOD_MATCH = YES;
				COPY_PHASE_STRIP = NO;
				DEBUG_INFORMATION_FORMAT = "dwarf-with-dsym";
				ENABLE_NS_ASSERTIONS = NO;
				ENABLE_STRICT_OBJC_MSGSEND = YES;
				GCC_C_LANGUAGE_STANDARD = gnu11;
				GCC_NO_COMMON_BLOCKS = YES;
				GCC_WARN_64_TO_32_BIT_CONVERSION = YES;
				GCC_WARN_ABOUT_RETURN_TYPE = YES_ERROR;
				GCC_WARN_UNDECLARED_SELECTOR = YES;
				GCC_WARN_UNINITIALIZED_AUTOS = YES_AGGRESSIVE;
				GCC_WARN_UNUSED_FUNCTION = YES;
				GCC_WARN_UNUSED_VARIABLE = YES;
				IPHONEOS_DEPLOYMENT_TARGET = 15.5;
				MTL_ENABLE_DEBUG_INFO = NO;
				MTL_FAST_MATH = YES;
				SDKROOT = iphoneos;
				SWIFT_COMPILATION_MODE = wholemodule;
				SWIFT_OPTIMIZATION_LEVEL = "-O";
				VALIDATE_PRODUCT = YES;
			};
			name = Release;
		};
		23084BD4291C81B3007941F7 /* Debug */ = {
			isa = XCBuildConfiguration;
			baseConfigurationReference = B0053B525E4014633D53C20C /* Pods-Messenger.debug.xcconfig */;
			buildSettings = {
				ASSETCATALOG_COMPILER_APPICON_NAME = AppIcon;
				ASSETCATALOG_COMPILER_GLOBAL_ACCENT_COLOR_NAME = AccentColor;
				CODE_SIGN_ENTITLEMENTS = Messenger/Messenger.entitlements;
				CODE_SIGN_STYLE = Automatic;
				CURRENT_PROJECT_VERSION = 1;
				DEVELOPMENT_TEAM = QJZL455652;
				GENERATE_INFOPLIST_FILE = YES;
				INFOPLIST_FILE = Messenger/Info.plist;
				INFOPLIST_KEY_UIApplicationSupportsIndirectInputEvents = YES;
				INFOPLIST_KEY_UILaunchStoryboardName = LaunchScreen;
				INFOPLIST_KEY_UIMainStoryboardFile = Main;
				INFOPLIST_KEY_UISupportedInterfaceOrientations = UIInterfaceOrientationPortrait;
				IPHONEOS_DEPLOYMENT_TARGET = 13.5;
				LD_RUNPATH_SEARCH_PATHS = (
					"$(inherited)",
					"@executable_path/Frameworks",
				);
				MARKETING_VERSION = 1.0;
				PRODUCT_BUNDLE_IDENTIFIER = com.simanerush.Messenger;
				PRODUCT_NAME = "$(TARGET_NAME)";
				SWIFT_EMIT_LOC_STRINGS = YES;
				SWIFT_VERSION = 5.0;
				TARGETED_DEVICE_FAMILY = "1,2";
			};
			name = Debug;
		};
		23084BD5291C81B3007941F7 /* Release */ = {
			isa = XCBuildConfiguration;
			baseConfigurationReference = 11FC92EA35B1047E9B23A05E /* Pods-Messenger.release.xcconfig */;
			buildSettings = {
				ASSETCATALOG_COMPILER_APPICON_NAME = AppIcon;
				ASSETCATALOG_COMPILER_GLOBAL_ACCENT_COLOR_NAME = AccentColor;
				CODE_SIGN_ENTITLEMENTS = Messenger/Messenger.entitlements;
				CODE_SIGN_STYLE = Automatic;
				CURRENT_PROJECT_VERSION = 1;
				DEVELOPMENT_TEAM = QJZL455652;
				GENERATE_INFOPLIST_FILE = YES;
				INFOPLIST_FILE = Messenger/Info.plist;
				INFOPLIST_KEY_UIApplicationSupportsIndirectInputEvents = YES;
				INFOPLIST_KEY_UILaunchStoryboardName = LaunchScreen;
				INFOPLIST_KEY_UIMainStoryboardFile = Main;
				INFOPLIST_KEY_UISupportedInterfaceOrientations = UIInterfaceOrientationPortrait;
				IPHONEOS_DEPLOYMENT_TARGET = 13.5;
				LD_RUNPATH_SEARCH_PATHS = (
					"$(inherited)",
					"@executable_path/Frameworks",
				);
				MARKETING_VERSION = 1.0;
				PRODUCT_BUNDLE_IDENTIFIER = com.simanerush.Messenger;
				PRODUCT_NAME = "$(TARGET_NAME)";
				SWIFT_EMIT_LOC_STRINGS = YES;
				SWIFT_VERSION = 5.0;
				TARGETED_DEVICE_FAMILY = "1,2";
			};
			name = Release;
		};
/* End XCBuildConfiguration section */

/* Begin XCConfigurationList section */
		23084BBA291C81B2007941F7 /* Build configuration list for PBXProject "Messenger" */ = {
			isa = XCConfigurationList;
			buildConfigurations = (
				23084BD1291C81B3007941F7 /* Debug */,
				23084BD2291C81B3007941F7 /* Release */,
			);
			defaultConfigurationIsVisible = 0;
			defaultConfigurationName = Release;
		};
		23084BD3291C81B3007941F7 /* Build configuration list for PBXNativeTarget "Messenger" */ = {
			isa = XCConfigurationList;
			buildConfigurations = (
				23084BD4291C81B3007941F7 /* Debug */,
				23084BD5291C81B3007941F7 /* Release */,
			);
			defaultConfigurationIsVisible = 0;
			defaultConfigurationName = Release;
		};
/* End XCConfigurationList section */
	};
	rootObject = 23084BB7291C81B2007941F7 /* Project object */;
}
